
Microsoft Visual Studio Solution File, Format Version 12.00
# Visual Studio 15
VisualStudioVersion = 15.0.27004.2002
MinimumVisualStudioVersion = 10.0.40219.1
Project("{FAE04EC0-301F-11D3-BF4B-00C04F79EFBC}") = "Part04", "Part04\Part04.csproj", "{D543C723-6A48-4564-853B-E9910D557B21}"
EndProject
Global
	GlobalSection(SolutionConfigurationPlatforms) = preSolution
		Debug|Any CPU = Debug|Any CPU
		Release|Any CPU = Release|Any CPU
	EndGlobalSection
	GlobalSection(ProjectConfigurationPlatforms) = postSolution
		{D543C723-6A48-4564-853B-E9910D557B21}.Debug|Any CPU.ActiveCfg = Debug|Any CPU
		{D543C723-6A48-4564-853B-E9910D557B21}.Debug|Any CPU.Build.0 = Debug|Any CPU
		{D543C723-6A48-4564-853B-E9910D557B21}.Release|Any CPU.ActiveCfg = Release|Any CPU
		{D543C723-6A48-4564-853B-E9910D557B21}.Release|Any CPU.Build.0 = Release|Any CPU
	EndGlobalSection
	GlobalSection(SolutionProperties) = preSolution
		HideSolutionNode = FALSE
	EndGlobalSection
	GlobalSection(ExtensibilityGlobals) = postSolution
		SolutionGuid = {FC7CFD32-7429-4249-B219-5FD023ABD725}
	EndGlobalSection
EndGlobal
